// !$*UTF8*$!
{
	archiveVersion = 1;
	classes = {
	};
	objectVersion = 45;
	objects = {

/* Begin PBXBuildFile section */
		2C3D2FDC0E22C75500DCD77A /* LNCStopwatch.m in Sources */ = {isa = PBXBuildFile; fileRef = 2C3D2FDB0E22C75500DCD77A /* LNCStopwatch.m */; };
		2C518D770E1FF39400B16942 /* ast.m in Sources */ = {isa = PBXBuildFile; fileRef = 2C518D760E1FF39400B16942 /* ast.m */; };
		2C518E5D0E1FFD0F00B16942 /* FunctionNode.m in Sources */ = {isa = PBXBuildFile; fileRef = 2C518E5C0E1FFD0F00B16942 /* FunctionNode.m */; };
		2C518E620E1FFF3400B16942 /* ListNode.m in Sources */ = {isa = PBXBuildFile; fileRef = 2C518E610E1FFF3400B16942 /* ListNode.m */; };
		2C518E650E20029A00B16942 /* AccessLevelNode.m in Sources */ = {isa = PBXBuildFile; fileRef = 2C518E640E20029A00B16942 /* AccessLevelNode.m */; };
		2C518E6D0E2004CC00B16942 /* AttributeNode.m in Sources */ = {isa = PBXBuildFile; fileRef = 2C518E6C0E2004CC00B16942 /* AttributeNode.m */; };
		2C518ED00E202C3D00B16942 /* VariableNode.m in Sources */ = {isa = PBXBuildFile; fileRef = 2C518ECF0E202C3D00B16942 /* VariableNode.m */; };
		2C518EE90E20376D00B16942 /* ArgumentNode.m in Sources */ = {isa = PBXBuildFile; fileRef = 2C518EE80E20376D00B16942 /* ArgumentNode.m */; };
		2C518F9D0E204ED300B16942 /* ClassAttributeNode.m in Sources */ = {isa = PBXBuildFile; fileRef = 2C518F9C0E204ED300B16942 /* ClassAttributeNode.m */; };
		2C63850E0E157D0D00D7229C /* as3p.lm in Sources */ = {isa = PBXBuildFile; fileRef = 2C63850C0E157D0D00D7229C /* as3p.lm */; };
		2C63850F0E157D0D00D7229C /* as3p.ym in Sources */ = {isa = PBXBuildFile; fileRef = 2C63850D0E157D0D00D7229C /* as3p.ym */; };
		2C6385150E157FCD00D7229C /* Parser.m in Sources */ = {isa = PBXBuildFile; fileRef = 2C6385140E157FCD00D7229C /* Parser.m */; };
		2C6385500E158BA100D7229C /* Controller.m in Sources */ = {isa = PBXBuildFile; fileRef = 2C63854F0E158BA100D7229C /* Controller.m */; };
		2C63855A0E1590B600D7229C /* StringNode.m in Sources */ = {isa = PBXBuildFile; fileRef = 2C6385590E1590B600D7229C /* StringNode.m */; };
		2C6385770E15B6DD00D7229C /* ClassNode.m in Sources */ = {isa = PBXBuildFile; fileRef = 2C6385760E15B6DD00D7229C /* ClassNode.m */; };
		2C63857A0E15B6E800D7229C /* PackageNode.m in Sources */ = {isa = PBXBuildFile; fileRef = 2C6385790E15B6E800D7229C /* PackageNode.m */; };
		2C63857E0E15B7BF00D7229C /* Node.m in Sources */ = {isa = PBXBuildFile; fileRef = 2C63857D0E15B7BF00D7229C /* Node.m */; };
		2C6385820E15B9CA00D7229C /* IdentifierNode.m in Sources */ = {isa = PBXBuildFile; fileRef = 2C6385810E15B9CA00D7229C /* IdentifierNode.m */; };
		2C88DBF00E1AD39F001ADA63 /* DropView.m in Sources */ = {isa = PBXBuildFile; fileRef = 2C88DBEF0E1AD39F001ADA63 /* DropView.m */; };
		2CD2CD220E198AEB00D89C80 /* QualifiedIdentifierNode.m in Sources */ = {isa = PBXBuildFile; fileRef = 2CD2CD210E198AEB00D89C80 /* QualifiedIdentifierNode.m */; };
		2CD2CD6D0E19903E00D89C80 /* ImportNode.m in Sources */ = {isa = PBXBuildFile; fileRef = 2CD2CD6C0E19903E00D89C80 /* ImportNode.m */; };
		2CD4C1061007F511006A6DFA /* MainTests.m in Sources */ = {isa = PBXBuildFile; fileRef = 2CD4C1051007F511006A6DFA /* MainTests.m */; };
		2CD4C1201007F64B006A6DFA /* as3p.lm in Sources */ = {isa = PBXBuildFile; fileRef = 2C63850C0E157D0D00D7229C /* as3p.lm */; };
		2CD4C1211007F64C006A6DFA /* as3p.ym in Sources */ = {isa = PBXBuildFile; fileRef = 2C63850D0E157D0D00D7229C /* as3p.ym */; };
		2CD4C1221007F65E006A6DFA /* FunctionNode.m in Sources */ = {isa = PBXBuildFile; fileRef = 2C518E5C0E1FFD0F00B16942 /* FunctionNode.m */; };
		2CD4C1231007F65F006A6DFA /* IdentifierNode.m in Sources */ = {isa = PBXBuildFile; fileRef = 2C6385810E15B9CA00D7229C /* IdentifierNode.m */; };
		2CD4C1241007F660006A6DFA /* ImportNode.m in Sources */ = {isa = PBXBuildFile; fileRef = 2CD2CD6C0E19903E00D89C80 /* ImportNode.m */; };
		2CD4C1251007F661006A6DFA /* ListNode.m in Sources */ = {isa = PBXBuildFile; fileRef = 2C518E610E1FFF3400B16942 /* ListNode.m */; };
		2CD4C1261007F665006A6DFA /* ClassAttributeNode.m in Sources */ = {isa = PBXBuildFile; fileRef = 2C518F9C0E204ED300B16942 /* ClassAttributeNode.m */; };
		2CD4C1271007F666006A6DFA /* AttributeNode.m in Sources */ = {isa = PBXBuildFile; fileRef = 2C518E6C0E2004CC00B16942 /* AttributeNode.m */; };
		2CD4C1281007F668006A6DFA /* ast.m in Sources */ = {isa = PBXBuildFile; fileRef = 2C518D760E1FF39400B16942 /* ast.m */; };
		2CD4C1291007F66D006A6DFA /* ArgumentNode.m in Sources */ = {isa = PBXBuildFile; fileRef = 2C518EE80E20376D00B16942 /* ArgumentNode.m */; };
		2CD4C12A1007F66E006A6DFA /* AccessLevelNode.m in Sources */ = {isa = PBXBuildFile; fileRef = 2C518E640E20029A00B16942 /* AccessLevelNode.m */; };
		2CD4C12B1007F672006A6DFA /* PackageNode.m in Sources */ = {isa = PBXBuildFile; fileRef = 2C6385790E15B6E800D7229C /* PackageNode.m */; };
		2CD4C12C1007F673006A6DFA /* Node.m in Sources */ = {isa = PBXBuildFile; fileRef = 2C63857D0E15B7BF00D7229C /* Node.m */; };
		2CD4C12D1007F675006A6DFA /* Parser.m in Sources */ = {isa = PBXBuildFile; fileRef = 2C6385140E157FCD00D7229C /* Parser.m */; };
		2CD4C12E1007F677006A6DFA /* QualifiedIdentifierNode.m in Sources */ = {isa = PBXBuildFile; fileRef = 2CD2CD210E198AEB00D89C80 /* QualifiedIdentifierNode.m */; };
		2CD4C12F1007F679006A6DFA /* StringNode.m in Sources */ = {isa = PBXBuildFile; fileRef = 2C6385590E1590B600D7229C /* StringNode.m */; };
		2CD4C1301007F67A006A6DFA /* VariableNode.m in Sources */ = {isa = PBXBuildFile; fileRef = 2C518ECF0E202C3D00B16942 /* VariableNode.m */; };
		2CD4C13A1007F6DF006A6DFA /* ClassNode.m in Sources */ = {isa = PBXBuildFile; fileRef = 2C6385760E15B6DD00D7229C /* ClassNode.m */; };
		2CD4C1751007FD7E006A6DFA /* InterfaceNode.m in Sources */ = {isa = PBXBuildFile; fileRef = 2CD4C1741007FD7E006A6DFA /* InterfaceNode.m */; };
		2CD4C1761007FD8A006A6DFA /* InterfaceNode.m in Sources */ = {isa = PBXBuildFile; fileRef = 2CD4C1741007FD7E006A6DFA /* InterfaceNode.m */; };
		2F7446990DB6B7EA00F9684A /* MainMenu.xib in Resources */ = {isa = PBXBuildFile; fileRef = 2F7446970DB6B7EA00F9684A /* MainMenu.xib */; };
		770B37ED0679A11B001EADE2 /* AS3_Parser_DataModel.xcdatamodel in Sources */ = {isa = PBXBuildFile; fileRef = 770B37EC0679A11B001EADE2 /* AS3_Parser_DataModel.xcdatamodel */; };
		77C8280E06725ACE000B614F /* AS3_Parser_AppDelegate.m in Sources */ = {isa = PBXBuildFile; fileRef = 77C8280C06725ACE000B614F /* AS3_Parser_AppDelegate.m */; };
		8D11072B0486CEB800E47090 /* InfoPlist.strings in Resources */ = {isa = PBXBuildFile; fileRef = 089C165CFE840E0CC02AAC07 /* InfoPlist.strings */; };
		8D11072D0486CEB800E47090 /* main.m in Sources */ = {isa = PBXBuildFile; fileRef = 29B97316FDCFA39411CA2CEA /* main.m */; settings = {ATTRIBUTES = (); }; };
		8D11072F0486CEB800E47090 /* Cocoa.framework in Frameworks */ = {isa = PBXBuildFile; fileRef = 1058C7A1FEA54F0111CA2CBB /* Cocoa.framework */; };
/* End PBXBuildFile section */

/* Begin PBXFileReference section */
		089C165DFE840E0CC02AAC07 /* English */ = {isa = PBXFileReference; fileEncoding = 10; lastKnownFileType = text.plist.strings; name = English; path = English.lproj/InfoPlist.strings; sourceTree = "<group>"; };
		1058C7A1FEA54F0111CA2CBB /* Cocoa.framework */ = {isa = PBXFileReference; lastKnownFileType = wrapper.framework; name = Cocoa.framework; path = /System/Library/Frameworks/Cocoa.framework; sourceTree = "<absolute>"; };
		29B97316FDCFA39411CA2CEA /* main.m */ = {isa = PBXFileReference; fileEncoding = 4; lastKnownFileType = sourcecode.c.objc; path = main.m; sourceTree = "<group>"; };
		29B97324FDCFA39411CA2CEA /* AppKit.framework */ = {isa = PBXFileReference; lastKnownFileType = wrapper.framework; name = AppKit.framework; path = /System/Library/Frameworks/AppKit.framework; sourceTree = "<absolute>"; };
		29B97325FDCFA39411CA2CEA /* Foundation.framework */ = {isa = PBXFileReference; lastKnownFileType = wrapper.framework; name = Foundation.framework; path = /System/Library/Frameworks/Foundation.framework; sourceTree = "<absolute>"; };
		2C3D2FDA0E22C75500DCD77A /* LNCStopwatch.h */ = {isa = PBXFileReference; fileEncoding = 4; lastKnownFileType = sourcecode.c.h; path = LNCStopwatch.h; sourceTree = "<group>"; };
		2C3D2FDB0E22C75500DCD77A /* LNCStopwatch.m */ = {isa = PBXFileReference; fileEncoding = 4; lastKnownFileType = sourcecode.c.objc; path = LNCStopwatch.m; sourceTree = "<group>"; };
		2C518D750E1FF39400B16942 /* ast.h */ = {isa = PBXFileReference; fileEncoding = 4; lastKnownFileType = sourcecode.c.h; path = ast.h; sourceTree = "<group>"; };
		2C518D760E1FF39400B16942 /* ast.m */ = {isa = PBXFileReference; fileEncoding = 4; lastKnownFileType = sourcecode.c.objc; path = ast.m; sourceTree = "<group>"; };
		2C518E5B0E1FFD0F00B16942 /* FunctionNode.h */ = {isa = PBXFileReference; fileEncoding = 4; lastKnownFileType = sourcecode.c.h; path = FunctionNode.h; sourceTree = "<group>"; };
		2C518E5C0E1FFD0F00B16942 /* FunctionNode.m */ = {isa = PBXFileReference; fileEncoding = 4; lastKnownFileType = sourcecode.c.objc; path = FunctionNode.m; sourceTree = "<group>"; };
		2C518E600E1FFF3400B16942 /* ListNode.h */ = {isa = PBXFileReference; fileEncoding = 4; lastKnownFileType = sourcecode.c.h; path = ListNode.h; sourceTree = "<group>"; };
		2C518E610E1FFF3400B16942 /* ListNode.m */ = {isa = PBXFileReference; fileEncoding = 4; lastKnownFileType = sourcecode.c.objc; path = ListNode.m; sourceTree = "<group>"; };
		2C518E630E20029A00B16942 /* AccessLevelNode.h */ = {isa = PBXFileReference; fileEncoding = 4; lastKnownFileType = sourcecode.c.h; path = AccessLevelNode.h; sourceTree = "<group>"; };
		2C518E640E20029A00B16942 /* AccessLevelNode.m */ = {isa = PBXFileReference; fileEncoding = 4; lastKnownFileType = sourcecode.c.objc; path = AccessLevelNode.m; sourceTree = "<group>"; };
		2C518E6B0E2004CC00B16942 /* AttributeNode.h */ = {isa = PBXFileReference; fileEncoding = 4; lastKnownFileType = sourcecode.c.h; path = AttributeNode.h; sourceTree = "<group>"; };
		2C518E6C0E2004CC00B16942 /* AttributeNode.m */ = {isa = PBXFileReference; fileEncoding = 4; lastKnownFileType = sourcecode.c.objc; path = AttributeNode.m; sourceTree = "<group>"; };
		2C518ECE0E202C3D00B16942 /* VariableNode.h */ = {isa = PBXFileReference; fileEncoding = 4; lastKnownFileType = sourcecode.c.h; path = VariableNode.h; sourceTree = "<group>"; };
		2C518ECF0E202C3D00B16942 /* VariableNode.m */ = {isa = PBXFileReference; fileEncoding = 4; lastKnownFileType = sourcecode.c.objc; path = VariableNode.m; sourceTree = "<group>"; };
		2C518EE70E20376D00B16942 /* ArgumentNode.h */ = {isa = PBXFileReference; fileEncoding = 4; lastKnownFileType = sourcecode.c.h; path = ArgumentNode.h; sourceTree = "<group>"; };
		2C518EE80E20376D00B16942 /* ArgumentNode.m */ = {isa = PBXFileReference; fileEncoding = 4; lastKnownFileType = sourcecode.c.objc; path = ArgumentNode.m; sourceTree = "<group>"; };
		2C518EF30E2039DC00B16942 /* types.h */ = {isa = PBXFileReference; fileEncoding = 4; lastKnownFileType = sourcecode.c.h; path = types.h; sourceTree = "<group>"; };
		2C518F9B0E204ED300B16942 /* ClassAttributeNode.h */ = {isa = PBXFileReference; fileEncoding = 4; lastKnownFileType = sourcecode.c.h; path = ClassAttributeNode.h; sourceTree = "<group>"; };
		2C518F9C0E204ED300B16942 /* ClassAttributeNode.m */ = {isa = PBXFileReference; fileEncoding = 4; lastKnownFileType = sourcecode.c.objc; path = ClassAttributeNode.m; sourceTree = "<group>"; };
		2C63850C0E157D0D00D7229C /* as3p.lm */ = {isa = PBXFileReference; fileEncoding = 4; lastKnownFileType = sourcecode.lex; path = as3p.lm; sourceTree = "<group>"; };
		2C63850D0E157D0D00D7229C /* as3p.ym */ = {isa = PBXFileReference; fileEncoding = 4; lastKnownFileType = sourcecode.yacc; path = as3p.ym; sourceTree = "<group>"; };
		2C6385130E157FCD00D7229C /* Parser.h */ = {isa = PBXFileReference; fileEncoding = 4; lastKnownFileType = sourcecode.c.h; path = Parser.h; sourceTree = "<group>"; };
		2C6385140E157FCD00D7229C /* Parser.m */ = {isa = PBXFileReference; fileEncoding = 4; lastKnownFileType = sourcecode.c.objc; path = Parser.m; sourceTree = "<group>"; };
		2C63854E0E158BA100D7229C /* Controller.h */ = {isa = PBXFileReference; fileEncoding = 4; lastKnownFileType = sourcecode.c.h; path = Controller.h; sourceTree = "<group>"; };
		2C63854F0E158BA100D7229C /* Controller.m */ = {isa = PBXFileReference; fileEncoding = 4; lastKnownFileType = sourcecode.c.objc; path = Controller.m; sourceTree = "<group>"; };
		2C6385580E1590B600D7229C /* StringNode.h */ = {isa = PBXFileReference; fileEncoding = 4; lastKnownFileType = sourcecode.c.h; path = StringNode.h; sourceTree = "<group>"; };
		2C6385590E1590B600D7229C /* StringNode.m */ = {isa = PBXFileReference; fileEncoding = 4; lastKnownFileType = sourcecode.c.objc; path = StringNode.m; sourceTree = "<group>"; };
		2C6385750E15B6DD00D7229C /* ClassNode.h */ = {isa = PBXFileReference; fileEncoding = 4; lastKnownFileType = sourcecode.c.h; path = ClassNode.h; sourceTree = "<group>"; };
		2C6385760E15B6DD00D7229C /* ClassNode.m */ = {isa = PBXFileReference; fileEncoding = 4; lastKnownFileType = sourcecode.c.objc; path = ClassNode.m; sourceTree = "<group>"; };
		2C6385780E15B6E800D7229C /* PackageNode.h */ = {isa = PBXFileReference; fileEncoding = 4; lastKnownFileType = sourcecode.c.h; path = PackageNode.h; sourceTree = "<group>"; };
		2C6385790E15B6E800D7229C /* PackageNode.m */ = {isa = PBXFileReference; fileEncoding = 4; lastKnownFileType = sourcecode.c.objc; path = PackageNode.m; sourceTree = "<group>"; };
		2C63857C0E15B7BF00D7229C /* Node.h */ = {isa = PBXFileReference; fileEncoding = 4; lastKnownFileType = sourcecode.c.h; path = Node.h; sourceTree = "<group>"; };
		2C63857D0E15B7BF00D7229C /* Node.m */ = {isa = PBXFileReference; fileEncoding = 4; lastKnownFileType = sourcecode.c.objc; path = Node.m; sourceTree = "<group>"; };
		2C6385800E15B9CA00D7229C /* IdentifierNode.h */ = {isa = PBXFileReference; fileEncoding = 4; lastKnownFileType = sourcecode.c.h; path = IdentifierNode.h; sourceTree = "<group>"; };
		2C6385810E15B9CA00D7229C /* IdentifierNode.m */ = {isa = PBXFileReference; fileEncoding = 4; lastKnownFileType = sourcecode.c.objc; path = IdentifierNode.m; sourceTree = "<group>"; };
		2C88DBEE0E1AD39F001ADA63 /* DropView.h */ = {isa = PBXFileReference; fileEncoding = 4; lastKnownFileType = sourcecode.c.h; path = DropView.h; sourceTree = "<group>"; };
		2C88DBEF0E1AD39F001ADA63 /* DropView.m */ = {isa = PBXFileReference; fileEncoding = 4; lastKnownFileType = sourcecode.c.objc; path = DropView.m; sourceTree = "<group>"; };
		2CD2CD200E198AEB00D89C80 /* QualifiedIdentifierNode.h */ = {isa = PBXFileReference; fileEncoding = 4; lastKnownFileType = sourcecode.c.h; path = QualifiedIdentifierNode.h; sourceTree = "<group>"; };
		2CD2CD210E198AEB00D89C80 /* QualifiedIdentifierNode.m */ = {isa = PBXFileReference; fileEncoding = 4; lastKnownFileType = sourcecode.c.objc; path = QualifiedIdentifierNode.m; sourceTree = "<group>"; };
		2CD2CD6B0E19903E00D89C80 /* ImportNode.h */ = {isa = PBXFileReference; fileEncoding = 4; lastKnownFileType = sourcecode.c.h; path = ImportNode.h; sourceTree = "<group>"; };
		2CD2CD6C0E19903E00D89C80 /* ImportNode.m */ = {isa = PBXFileReference; fileEncoding = 4; lastKnownFileType = sourcecode.c.objc; path = ImportNode.m; sourceTree = "<group>"; };
		2CD4C0FD1007F4D3006A6DFA /* Tests.octest */ = {isa = PBXFileReference; explicitFileType = wrapper.cfbundle; includeInIndex = 0; path = Tests.octest; sourceTree = BUILT_PRODUCTS_DIR; };
		2CD4C0FE1007F4D3006A6DFA /* Tests-Info.plist */ = {isa = PBXFileReference; lastKnownFileType = sourcecode.mxml; path = "Tests-Info.plist"; sourceTree = "<group>"; };
		2CD4C1041007F511006A6DFA /* MainTests.h */ = {isa = PBXFileReference; fileEncoding = 4; lastKnownFileType = sourcecode.c.h; path = MainTests.h; sourceTree = "<group>"; };
		2CD4C1051007F511006A6DFA /* MainTests.m */ = {isa = PBXFileReference; fileEncoding = 4; lastKnownFileType = sourcecode.c.objc; path = MainTests.m; sourceTree = "<group>"; };
		2CD4C1731007FD7E006A6DFA /* InterfaceNode.h */ = {isa = PBXFileReference; fileEncoding = 4; lastKnownFileType = sourcecode.c.h; path = InterfaceNode.h; sourceTree = "<group>"; };
		2CD4C1741007FD7E006A6DFA /* InterfaceNode.m */ = {isa = PBXFileReference; fileEncoding = 4; lastKnownFileType = sourcecode.c.objc; path = InterfaceNode.m; sourceTree = "<group>"; };
		2F7446980DB6B7EA00F9684A /* English */ = {isa = PBXFileReference; lastKnownFileType = file.xib; name = English; path = English.lproj/MainMenu.xib; sourceTree = "<group>"; };
		32CA4F630368D1EE00C91783 /* AS3_Parser_Prefix.pch */ = {isa = PBXFileReference; fileEncoding = 4; lastKnownFileType = sourcecode.c.h; path = AS3_Parser_Prefix.pch; sourceTree = "<group>"; };
		770B37EC0679A11B001EADE2 /* AS3_Parser_DataModel.xcdatamodel */ = {isa = PBXFileReference; fileEncoding = 4; lastKnownFileType = wrapper.xcdatamodel; path = AS3_Parser_DataModel.xcdatamodel; sourceTree = "<group>"; };
		77C82804067257F0000B614F /* CoreData.framework */ = {isa = PBXFileReference; lastKnownFileType = wrapper.framework; name = CoreData.framework; path = /System/Library/Frameworks/CoreData.framework; sourceTree = "<absolute>"; };
		77C8280B06725ACE000B614F /* AS3_Parser_AppDelegate.h */ = {isa = PBXFileReference; fileEncoding = 4; lastKnownFileType = sourcecode.c.h; path = AS3_Parser_AppDelegate.h; sourceTree = "<group>"; };
		77C8280C06725ACE000B614F /* AS3_Parser_AppDelegate.m */ = {isa = PBXFileReference; fileEncoding = 4; lastKnownFileType = sourcecode.c.objc; path = AS3_Parser_AppDelegate.m; sourceTree = "<group>"; };
		8D1107310486CEB800E47090 /* Info.plist */ = {isa = PBXFileReference; fileEncoding = 4; lastKnownFileType = text.plist; path = Info.plist; sourceTree = "<group>"; };
		8D1107320486CEB800E47090 /* AS3_Parser.app */ = {isa = PBXFileReference; explicitFileType = wrapper.application; includeInIndex = 0; path = AS3_Parser.app; sourceTree = BUILT_PRODUCTS_DIR; };
/* End PBXFileReference section */

/* Begin PBXFrameworksBuildPhase section */
		2CD4C0FA1007F4D3006A6DFA /* Frameworks */ = {
			isa = PBXFrameworksBuildPhase;
			buildActionMask = 2147483647;
			files = (
			);
			runOnlyForDeploymentPostprocessing = 0;
		};
		8D11072E0486CEB800E47090 /* Frameworks */ = {
			isa = PBXFrameworksBuildPhase;
			buildActionMask = 2147483647;
			files = (
				8D11072F0486CEB800E47090 /* Cocoa.framework in Frameworks */,
			);
			runOnlyForDeploymentPostprocessing = 0;
		};
/* End PBXFrameworksBuildPhase section */

/* Begin PBXGroup section */
		080E96DDFE201D6D7F000001 /* Source */ = {
			isa = PBXGroup;
			children = (
				2C63853A0E15870100D7229C /* ast */,
				2C63850B0E157D0D00D7229C /* parser */,
				77C8280B06725ACE000B614F /* AS3_Parser_AppDelegate.h */,
				77C8280C06725ACE000B614F /* AS3_Parser_AppDelegate.m */,
				2C6385130E157FCD00D7229C /* Parser.h */,
				2C6385140E157FCD00D7229C /* Parser.m */,
				2C63854E0E158BA100D7229C /* Controller.h */,
				2C63854F0E158BA100D7229C /* Controller.m */,
				2C88DBEE0E1AD39F001ADA63 /* DropView.h */,
				2C88DBEF0E1AD39F001ADA63 /* DropView.m */,
				2C3D2FDA0E22C75500DCD77A /* LNCStopwatch.h */,
				2C3D2FDB0E22C75500DCD77A /* LNCStopwatch.m */,
			);
			name = Source;
			sourceTree = "<group>";
		};
		1058C7A0FEA54F0111CA2CBB /* Linked Frameworks */ = {
			isa = PBXGroup;
			children = (
				1058C7A1FEA54F0111CA2CBB /* Cocoa.framework */,
			);
			name = "Linked Frameworks";
			sourceTree = "<group>";
		};
		1058C7A2FEA54F0111CA2CBB /* Other Frameworks */ = {
			isa = PBXGroup;
			children = (
				77C82804067257F0000B614F /* CoreData.framework */,
				29B97325FDCFA39411CA2CEA /* Foundation.framework */,
				29B97324FDCFA39411CA2CEA /* AppKit.framework */,
			);
			name = "Other Frameworks";
			sourceTree = "<group>";
		};
		19C28FACFE9D520D11CA2CBB /* Products */ = {
			isa = PBXGroup;
			children = (
				8D1107320486CEB800E47090 /* AS3_Parser.app */,
				2CD4C0FD1007F4D3006A6DFA /* Tests.octest */,
			);
			name = Products;
			sourceTree = "<group>";
		};
		29B97314FDCFA39411CA2CEA /* AS3_Parser */ = {
			isa = PBXGroup;
			children = (
				7756732906782D8800D1FEB8 /* Models */,
				080E96DDFE201D6D7F000001 /* Source */,
				2CD4C1031007F4ED006A6DFA /* Tests */,
				29B97315FDCFA39411CA2CEA /* Other Sources */,
				29B97317FDCFA39411CA2CEA /* Resources */,
				29B97323FDCFA39411CA2CEA /* Frameworks */,
				19C28FACFE9D520D11CA2CBB /* Products */,
				2CD4C0FE1007F4D3006A6DFA /* Tests-Info.plist */,
			);
			name = AS3_Parser;
			sourceTree = "<group>";
		};
		29B97315FDCFA39411CA2CEA /* Other Sources */ = {
			isa = PBXGroup;
			children = (
				32CA4F630368D1EE00C91783 /* AS3_Parser_Prefix.pch */,
				29B97316FDCFA39411CA2CEA /* main.m */,
			);
			name = "Other Sources";
			sourceTree = "<group>";
		};
		29B97317FDCFA39411CA2CEA /* Resources */ = {
			isa = PBXGroup;
			children = (
				8D1107310486CEB800E47090 /* Info.plist */,
				089C165CFE840E0CC02AAC07 /* InfoPlist.strings */,
				2F7446970DB6B7EA00F9684A /* MainMenu.xib */,
			);
			name = Resources;
			sourceTree = "<group>";
		};
		29B97323FDCFA39411CA2CEA /* Frameworks */ = {
			isa = PBXGroup;
			children = (
				1058C7A0FEA54F0111CA2CBB /* Linked Frameworks */,
				1058C7A2FEA54F0111CA2CBB /* Other Frameworks */,
			);
			name = Frameworks;
			sourceTree = "<group>";
		};
		2C63850B0E157D0D00D7229C /* parser */ = {
			isa = PBXGroup;
			children = (
				2C63850C0E157D0D00D7229C /* as3p.lm */,
				2C63850D0E157D0D00D7229C /* as3p.ym */,
				2C518D750E1FF39400B16942 /* ast.h */,
				2C518D760E1FF39400B16942 /* ast.m */,
				2C518EF30E2039DC00B16942 /* types.h */,
			);
			path = parser;
			sourceTree = "<group>";
		};
		2C63853A0E15870100D7229C /* ast */ = {
			isa = PBXGroup;
			children = (
				2C6385580E1590B600D7229C /* StringNode.h */,
				2C6385590E1590B600D7229C /* StringNode.m */,
				2C6385750E15B6DD00D7229C /* ClassNode.h */,
				2C6385760E15B6DD00D7229C /* ClassNode.m */,
				2C6385780E15B6E800D7229C /* PackageNode.h */,
				2C6385790E15B6E800D7229C /* PackageNode.m */,
				2C63857C0E15B7BF00D7229C /* Node.h */,
				2C63857D0E15B7BF00D7229C /* Node.m */,
				2C6385800E15B9CA00D7229C /* IdentifierNode.h */,
				2C6385810E15B9CA00D7229C /* IdentifierNode.m */,
				2CD2CD200E198AEB00D89C80 /* QualifiedIdentifierNode.h */,
				2CD2CD210E198AEB00D89C80 /* QualifiedIdentifierNode.m */,
				2CD2CD6B0E19903E00D89C80 /* ImportNode.h */,
				2CD2CD6C0E19903E00D89C80 /* ImportNode.m */,
				2C518E5B0E1FFD0F00B16942 /* FunctionNode.h */,
				2C518E5C0E1FFD0F00B16942 /* FunctionNode.m */,
				2C518E600E1FFF3400B16942 /* ListNode.h */,
				2C518E610E1FFF3400B16942 /* ListNode.m */,
				2C518E630E20029A00B16942 /* AccessLevelNode.h */,
				2C518E640E20029A00B16942 /* AccessLevelNode.m */,
				2C518E6B0E2004CC00B16942 /* AttributeNode.h */,
				2C518E6C0E2004CC00B16942 /* AttributeNode.m */,
				2C518ECE0E202C3D00B16942 /* VariableNode.h */,
				2C518ECF0E202C3D00B16942 /* VariableNode.m */,
				2C518EE70E20376D00B16942 /* ArgumentNode.h */,
				2C518EE80E20376D00B16942 /* ArgumentNode.m */,
				2C518F9B0E204ED300B16942 /* ClassAttributeNode.h */,
				2C518F9C0E204ED300B16942 /* ClassAttributeNode.m */,
				2CD4C1731007FD7E006A6DFA /* InterfaceNode.h */,
				2CD4C1741007FD7E006A6DFA /* InterfaceNode.m */,
			);
			path = ast;
			sourceTree = "<group>";
		};
		2CD4C1031007F4ED006A6DFA /* Tests */ = {
			isa = PBXGroup;
			children = (
				2CD4C1041007F511006A6DFA /* MainTests.h */,
				2CD4C1051007F511006A6DFA /* MainTests.m */,
			);
			name = Tests;
			sourceTree = "<group>";
		};
		7756732906782D8800D1FEB8 /* Models */ = {
			isa = PBXGroup;
			children = (
				770B37EC0679A11B001EADE2 /* AS3_Parser_DataModel.xcdatamodel */,
			);
			name = Models;
			sourceTree = "<group>";
		};
/* End PBXGroup section */

/* Begin PBXNativeTarget section */
		2CD4C0FC1007F4D3006A6DFA /* Tests */ = {
			isa = PBXNativeTarget;
			buildConfigurationList = 2CD4C1011007F4D4006A6DFA /* Build configuration list for PBXNativeTarget "Tests" */;
			buildPhases = (
				2CD4C0F81007F4D3006A6DFA /* Resources */,
				2CD4C0F91007F4D3006A6DFA /* Sources */,
				2CD4C0FA1007F4D3006A6DFA /* Frameworks */,
				2CD4C0FB1007F4D3006A6DFA /* ShellScript */,
			);
			buildRules = (
			);
			dependencies = (
			);
			name = Tests;
			productName = Tests;
			productReference = 2CD4C0FD1007F4D3006A6DFA /* Tests.octest */;
			productType = "com.apple.product-type.bundle";
		};
		8D1107260486CEB800E47090 /* AS3_Parser */ = {
			isa = PBXNativeTarget;
			buildConfigurationList = 26FC0A840875C7B200E6366F /* Build configuration list for PBXNativeTarget "AS3_Parser" */;
			buildPhases = (
				8D1107290486CEB800E47090 /* Resources */,
				8D11072C0486CEB800E47090 /* Sources */,
				8D11072E0486CEB800E47090 /* Frameworks */,
			);
			buildRules = (
			);
			dependencies = (
			);
			name = AS3_Parser;
			productInstallPath = "$(HOME)/Applications";
			productName = AS3_Parser;
			productReference = 8D1107320486CEB800E47090 /* AS3_Parser.app */;
			productType = "com.apple.product-type.application";
		};
/* End PBXNativeTarget section */

/* Begin PBXProject section */
		29B97313FDCFA39411CA2CEA /* Project object */ = {
			isa = PBXProject;
			buildConfigurationList = 26FC0A880875C7B200E6366F /* Build configuration list for PBXProject "AS3_Parser" */;
			compatibilityVersion = "Xcode 3.1";
			hasScannedForEncodings = 1;
			mainGroup = 29B97314FDCFA39411CA2CEA /* AS3_Parser */;
			projectDirPath = "";
			projectRoot = "";
			targets = (
				8D1107260486CEB800E47090 /* AS3_Parser */,
				2CD4C0FC1007F4D3006A6DFA /* Tests */,
			);
		};
/* End PBXProject section */

/* Begin PBXResourcesBuildPhase section */
		2CD4C0F81007F4D3006A6DFA /* Resources */ = {
			isa = PBXResourcesBuildPhase;
			buildActionMask = 2147483647;
			files = (
			);
			runOnlyForDeploymentPostprocessing = 0;
		};
		8D1107290486CEB800E47090 /* Resources */ = {
			isa = PBXResourcesBuildPhase;
			buildActionMask = 2147483647;
			files = (
				8D11072B0486CEB800E47090 /* InfoPlist.strings in Resources */,
				2F7446990DB6B7EA00F9684A /* MainMenu.xib in Resources */,
			);
			runOnlyForDeploymentPostprocessing = 0;
		};
/* End PBXResourcesBuildPhase section */

/* Begin PBXShellScriptBuildPhase section */
		2CD4C0FB1007F4D3006A6DFA /* ShellScript */ = {
			isa = PBXShellScriptBuildPhase;
			buildActionMask = 2147483647;
			files = (
			);
			inputPaths = (
			);
			outputPaths = (
			);
			runOnlyForDeploymentPostprocessing = 0;
			shellPath = /bin/sh;
			shellScript = "# Run the unit tests in this test bundle.\n\"${SYSTEM_DEVELOPER_DIR}/Tools/RunUnitTests\"\n";
		};
/* End PBXShellScriptBuildPhase section */

/* Begin PBXSourcesBuildPhase section */
		2CD4C0F91007F4D3006A6DFA /* Sources */ = {
			isa = PBXSourcesBuildPhase;
			buildActionMask = 2147483647;
			files = (
				2CD4C1061007F511006A6DFA /* MainTests.m in Sources */,
				2CD4C1201007F64B006A6DFA /* as3p.lm in Sources */,
				2CD4C1211007F64C006A6DFA /* as3p.ym in Sources */,
				2CD4C1221007F65E006A6DFA /* FunctionNode.m in Sources */,
				2CD4C1231007F65F006A6DFA /* IdentifierNode.m in Sources */,
				2CD4C1241007F660006A6DFA /* ImportNode.m in Sources */,
				2CD4C1251007F661006A6DFA /* ListNode.m in Sources */,
				2CD4C1261007F665006A6DFA /* ClassAttributeNode.m in Sources */,
				2CD4C1271007F666006A6DFA /* AttributeNode.m in Sources */,
				2CD4C1281007F668006A6DFA /* ast.m in Sources */,
				2CD4C1291007F66D006A6DFA /* ArgumentNode.m in Sources */,
				2CD4C12A1007F66E006A6DFA /* AccessLevelNode.m in Sources */,
				2CD4C12B1007F672006A6DFA /* PackageNode.m in Sources */,
				2CD4C12C1007F673006A6DFA /* Node.m in Sources */,
				2CD4C12D1007F675006A6DFA /* Parser.m in Sources */,
				2CD4C12E1007F677006A6DFA /* QualifiedIdentifierNode.m in Sources */,
				2CD4C12F1007F679006A6DFA /* StringNode.m in Sources */,
				2CD4C1301007F67A006A6DFA /* VariableNode.m in Sources */,
				2CD4C13A1007F6DF006A6DFA /* ClassNode.m in Sources */,
				2CD4C1751007FD7E006A6DFA /* InterfaceNode.m in Sources */,
			);
			runOnlyForDeploymentPostprocessing = 0;
		};
		8D11072C0486CEB800E47090 /* Sources */ = {
			isa = PBXSourcesBuildPhase;
			buildActionMask = 2147483647;
			files = (
				8D11072D0486CEB800E47090 /* main.m in Sources */,
				77C8280E06725ACE000B614F /* AS3_Parser_AppDelegate.m in Sources */,
				770B37ED0679A11B001EADE2 /* AS3_Parser_DataModel.xcdatamodel in Sources */,
				2C63850E0E157D0D00D7229C /* as3p.lm in Sources */,
				2C63850F0E157D0D00D7229C /* as3p.ym in Sources */,
				2C6385150E157FCD00D7229C /* Parser.m in Sources */,
				2C6385500E158BA100D7229C /* Controller.m in Sources */,
				2C63855A0E1590B600D7229C /* StringNode.m in Sources */,
				2C6385770E15B6DD00D7229C /* ClassNode.m in Sources */,
				2C63857A0E15B6E800D7229C /* PackageNode.m in Sources */,
				2C63857E0E15B7BF00D7229C /* Node.m in Sources */,
				2C6385820E15B9CA00D7229C /* IdentifierNode.m in Sources */,
				2CD2CD220E198AEB00D89C80 /* QualifiedIdentifierNode.m in Sources */,
				2CD2CD6D0E19903E00D89C80 /* ImportNode.m in Sources */,
				2C88DBF00E1AD39F001ADA63 /* DropView.m in Sources */,
				2C518D770E1FF39400B16942 /* ast.m in Sources */,
				2C518E5D0E1FFD0F00B16942 /* FunctionNode.m in Sources */,
				2C518E620E1FFF3400B16942 /* ListNode.m in Sources */,
				2C518E650E20029A00B16942 /* AccessLevelNode.m in Sources */,
				2C518E6D0E2004CC00B16942 /* AttributeNode.m in Sources */,
				2C518ED00E202C3D00B16942 /* VariableNode.m in Sources */,
				2C518EE90E20376D00B16942 /* ArgumentNode.m in Sources */,
				2C518F9D0E204ED300B16942 /* ClassAttributeNode.m in Sources */,
				2C3D2FDC0E22C75500DCD77A /* LNCStopwatch.m in Sources */,
				2CD4C1761007FD8A006A6DFA /* InterfaceNode.m in Sources */,
			);
			runOnlyForDeploymentPostprocessing = 0;
		};
/* End PBXSourcesBuildPhase section */

/* Begin PBXVariantGroup section */
		089C165CFE840E0CC02AAC07 /* InfoPlist.strings */ = {
			isa = PBXVariantGroup;
			children = (
				089C165DFE840E0CC02AAC07 /* English */,
			);
			name = InfoPlist.strings;
			sourceTree = "<group>";
		};
		2F7446970DB6B7EA00F9684A /* MainMenu.xib */ = {
			isa = PBXVariantGroup;
			children = (
				2F7446980DB6B7EA00F9684A /* English */,
			);
			name = MainMenu.xib;
			sourceTree = "<group>";
		};
/* End PBXVariantGroup section */

/* Begin XCBuildConfiguration section */
		26FC0A850875C7B200E6366F /* Debug */ = {
			isa = XCBuildConfiguration;
			buildSettings = {
				COPY_PHASE_STRIP = NO;
				GCC_DYNAMIC_NO_PIC = NO;
				GCC_ENABLE_FIX_AND_CONTINUE = YES;
				GCC_ENABLE_OBJC_EXCEPTIONS = YES;
				GCC_MODEL_TUNING = G5;
				GCC_OPTIMIZATION_LEVEL = 0;
				GCC_PRECOMPILE_PREFIX_HEADER = YES;
				GCC_PREFIX_HEADER = AS3_Parser_Prefix.pch;
				INFOPLIST_FILE = Info.plist;
				INSTALL_PATH = "$(HOME)/Applications";
				PRODUCT_NAME = AS3_Parser;
				WRAPPER_EXTENSION = app;
			};
			name = Debug;
		};
		26FC0A860875C7B200E6366F /* Release */ = {
			isa = XCBuildConfiguration;
			buildSettings = {
				DEBUG_INFORMATION_FORMAT = "dwarf-with-dsym";
				GCC_ENABLE_OBJC_EXCEPTIONS = YES;
				GCC_MODEL_TUNING = G5;
				GCC_PRECOMPILE_PREFIX_HEADER = YES;
				GCC_PREFIX_HEADER = AS3_Parser_Prefix.pch;
				INFOPLIST_FILE = Info.plist;
				INSTALL_PATH = "$(HOME)/Applications";
				PRODUCT_NAME = AS3_Parser;
				WRAPPER_EXTENSION = app;
			};
			name = Release;
		};
		26FC0A890875C7B200E6366F /* Debug */ = {
			isa = XCBuildConfiguration;
			buildSettings = {
				ARCHS = "$(ARCHS_STANDARD_32_BIT)";
				GCC_C_LANGUAGE_STANDARD = c99;
				GCC_WARN_ABOUT_RETURN_TYPE = YES;
				GCC_WARN_UNUSED_VARIABLE = YES;
				ONLY_ACTIVE_ARCH = YES;
				PREBINDING = NO;
				SDKROOT = macosx10.5;
				YACCFLAGS = "--debug --verbose";
			};
			name = Debug;
		};
		26FC0A8A0875C7B200E6366F /* Release */ = {
			isa = XCBuildConfiguration;
			buildSettings = {
				ARCHS = "$(ARCHS_STANDARD_32_BIT)";
				GCC_C_LANGUAGE_STANDARD = c99;
				GCC_WARN_ABOUT_RETURN_TYPE = YES;
				GCC_WARN_UNUSED_VARIABLE = YES;
				PREBINDING = NO;
				SDKROOT = macosx10.5;
			};
			name = Release;
		};
		2CD4C0FF1007F4D4006A6DFA /* Debug */ = {
			isa = XCBuildConfiguration;
			buildSettings = {
				ALWAYS_SEARCH_USER_PATHS = NO;
				COPY_PHASE_STRIP = NO;
				FRAMEWORK_SEARCH_PATHS = "$(DEVELOPER_LIBRARY_DIR)/Frameworks";
				GCC_DYNAMIC_NO_PIC = NO;
				GCC_ENABLE_FIX_AND_CONTINUE = NO;
				GCC_ENABLE_OBJC_EXCEPTIONS = YES;
				GCC_MODEL_TUNING = G5;
				GCC_OPTIMIZATION_LEVEL = 0;
				GCC_PRECOMPILE_PREFIX_HEADER = YES;
				GCC_PREFIX_HEADER = "$(SYSTEM_LIBRARY_DIR)/Frameworks/Cocoa.framework/Headers/Cocoa.h";
				INFOPLIST_FILE = "Tests-Info.plist";
				INSTALL_PATH = "$(USER_LIBRARY_DIR)/Bundles";
				OTHER_LDFLAGS = (
					"-framework",
					Cocoa,
					"-framework",
					SenTestingKit,
				);
				PREBINDING = NO;
				PRODUCT_NAME = Tests;
				WRAPPER_EXTENSION = octest;
			};
			name = Debug;
		};
		2CD4C1001007F4D4006A6DFA /* Release */ = {
			isa = XCBuildConfiguration;
			buildSettings = {
				ALWAYS_SEARCH_USER_PATHS = NO;
				COPY_PHASE_STRIP = YES;
				DEBUG_INFORMATION_FORMAT = "dwarf-with-dsym";
				FRAMEWORK_SEARCH_PATHS = "$(DEVELOPER_LIBRARY_DIR)/Frameworks";
				GCC_ENABLE_FIX_AND_CONTINUE = NO;
				GCC_ENABLE_OBJC_EXCEPTIONS = YES;
				GCC_MODEL_TUNING = G5;
				GCC_PRECOMPILE_PREFIX_HEADER = YES;
				GCC_PREFIX_HEADER = "$(SYSTEM_LIBRARY_DIR)/Frameworks/Cocoa.framework/Headers/Cocoa.h";
				INFOPLIST_FILE = "Tests-Info.plist";
				INSTALL_PATH = "$(USER_LIBRARY_DIR)/Bundles";
				OTHER_LDFLAGS = (
					"-framework",
					Cocoa,
					"-framework",
					SenTestingKit,
				);
				PREBINDING = NO;
				PRODUCT_NAME = Tests;
				WRAPPER_EXTENSION = octest;
				ZERO_LINK = NO;
			};
			name = Release;
		};
/* End XCBuildConfiguration section */

/* Begin XCConfigurationList section */
		26FC0A840875C7B200E6366F /* Build configuration list for PBXNativeTarget "AS3_Parser" */ = {
			isa = XCConfigurationList;
			buildConfigurations = (
				26FC0A850875C7B200E6366F /* Debug */,
				26FC0A860875C7B200E6366F /* Release */,
			);
			defaultConfigurationIsVisible = 0;
			defaultConfigurationName = Release;
		};
		26FC0A880875C7B200E6366F /* Build configuration list for PBXProject "AS3_Parser" */ = {
			isa = XCConfigurationList;
			buildConfigurations = (
				26FC0A890875C7B200E6366F /* Debug */,
				26FC0A8A0875C7B200E6366F /* Release */,
			);
			defaultConfigurationIsVisible = 0;
			defaultConfigurationName = Release;
		};
		2CD4C1011007F4D4006A6DFA /* Build configuration list for PBXNativeTarget "Tests" */ = {
			isa = XCConfigurationList;
			buildConfigurations = (
				2CD4C0FF1007F4D4006A6DFA /* Debug */,
				2CD4C1001007F4D4006A6DFA /* Release */,
			);
			defaultConfigurationIsVisible = 0;
			defaultConfigurationName = Release;
		};
/* End XCConfigurationList section */
	};
	rootObject = 29B97313FDCFA39411CA2CEA /* Project object */;
}
